// !$*UTF8*$!
{
	archiveVersion = 1;
	classes = {
	};
	objectVersion = 50;
	objects = {

/* Begin PBXBuildFile section */
		3A1D153C2642B98500FCC105 /* AppDelegate.swift in Sources */ = {isa = PBXBuildFile; fileRef = 3A1D153B2642B98500FCC105 /* AppDelegate.swift */; };
		3A1D153E2642B98500FCC105 /* art.scnassets in Resources */ = {isa = PBXBuildFile; fileRef = 3A1D153D2642B98500FCC105 /* art.scnassets */; };
		3A1D15402642B98500FCC105 /* ViewController.swift in Sources */ = {isa = PBXBuildFile; fileRef = 3A1D153F2642B98500FCC105 /* ViewController.swift */; };
		3A1D15432642B98500FCC105 /* Main.storyboard in Resources */ = {isa = PBXBuildFile; fileRef = 3A1D15412642B98500FCC105 /* Main.storyboard */; };
		3A1D15452642B98700FCC105 /* Assets.xcassets in Resources */ = {isa = PBXBuildFile; fileRef = 3A1D15442642B98700FCC105 /* Assets.xcassets */; };
		3A1D15482642B98700FCC105 /* LaunchScreen.storyboard in Resources */ = {isa = PBXBuildFile; fileRef = 3A1D15462642B98700FCC105 /* LaunchScreen.storyboard */; };
		3A1D15512642B9E800FCC105 /* README.md in Resources */ = {isa = PBXBuildFile; fileRef = 3A1D15502642B9E800FCC105 /* README.md */; };
		3A1D15592642CD0600FCC105 /* harrypotter.mp4 in Resources */ = {isa = PBXBuildFile; fileRef = 3A1D15582642CD0600FCC105 /* harrypotter.mp4 */; };
		3A1D155B2642CD7A00FCC105 /* Constants.swift in Sources */ = {isa = PBXBuildFile; fileRef = 3A1D155A2642CD7A00FCC105 /* Constants.swift */; };
/* End PBXBuildFile section */

/* Begin PBXFileReference section */
		3A1D15382642B98500FCC105 /* MagicPaper.app */ = {isa = PBXFileReference; explicitFileType = wrapper.application; includeInIndex = 0; path = MagicPaper.app; sourceTree = BUILT_PRODUCTS_DIR; };
		3A1D153B2642B98500FCC105 /* AppDelegate.swift */ = {isa = PBXFileReference; lastKnownFileType = sourcecode.swift; path = AppDelegate.swift; sourceTree = "<group>"; };
		3A1D153D2642B98500FCC105 /* art.scnassets */ = {isa = PBXFileReference; lastKnownFileType = wrapper.scnassets; path = art.scnassets; sourceTree = "<group>"; };
		3A1D153F2642B98500FCC105 /* ViewController.swift */ = {isa = PBXFileReference; lastKnownFileType = sourcecode.swift; path = ViewController.swift; sourceTree = "<group>"; };
		3A1D15422642B98500FCC105 /* Base */ = {isa = PBXFileReference; lastKnownFileType = file.storyboard; name = Base; path = Base.lproj/Main.storyboard; sourceTree = "<group>"; };
		3A1D15442642B98700FCC105 /* Assets.xcassets */ = {isa = PBXFileReference; lastKnownFileType = folder.assetcatalog; path = Assets.xcassets; sourceTree = "<group>"; };
		3A1D15472642B98700FCC105 /* Base */ = {isa = PBXFileReference; lastKnownFileType = file.storyboard; name = Base; path = Base.lproj/LaunchScreen.storyboard; sourceTree = "<group>"; };
		3A1D15492642B98700FCC105 /* Info.plist */ = {isa = PBXFileReference; lastKnownFileType = text.plist.xml; path = Info.plist; sourceTree = "<group>"; };
		3A1D15502642B9E800FCC105 /* README.md */ = {isa = PBXFileReference; fileEncoding = 4; lastKnownFileType = net.daringfireball.markdown; path = README.md; sourceTree = "<group>"; };
		3A1D15582642CD0600FCC105 /* harrypotter.mp4 */ = {isa = PBXFileReference; lastKnownFileType = file; path = harrypotter.mp4; sourceTree = "<group>"; };
		3A1D155A2642CD7A00FCC105 /* Constants.swift */ = {isa = PBXFileReference; lastKnownFileType = sourcecode.swift; path = Constants.swift; sourceTree = "<group>"; };
/* End PBXFileReference section */

/* Begin PBXFrameworksBuildPhase section */
		3A1D15352642B98500FCC105 /* Frameworks */ = {
			isa = PBXFrameworksBuildPhase;
			buildActionMask = 2147483647;
			files = (
			);
			runOnlyForDeploymentPostprocessing = 0;
		};
/* End PBXFrameworksBuildPhase section */

/* Begin PBXGroup section */
		3A1D152F2642B98500FCC105 = {
			isa = PBXGroup;
			children = (
				3A1D15502642B9E800FCC105 /* README.md */,
				3A1D153A2642B98500FCC105 /* MagicPaper */,
				3A1D15392642B98500FCC105 /* Products */,
			);
			sourceTree = "<group>";
		};
		3A1D15392642B98500FCC105 /* Products */ = {
			isa = PBXGroup;
			children = (
				3A1D15382642B98500FCC105 /* MagicPaper.app */,
			);
			name = Products;
			sourceTree = "<group>";
		};
		3A1D153A2642B98500FCC105 /* MagicPaper */ = {
			isa = PBXGroup;
			children = (
				3A1D15582642CD0600FCC105 /* harrypotter.mp4 */,
				3A1D15522642C9C700FCC105 /* Model */,
				3A1D15542642C9D000FCC105 /* View */,
				3A1D15532642C9CC00FCC105 /* Controller */,
				3A1D15552642C9D600FCC105 /* Supporting Files */,
				3A1D15562642C9DE00FCC105 /* Helpers */,
			);
			path = MagicPaper;
			sourceTree = "<group>";
		};
		3A1D15522642C9C700FCC105 /* Model */ = {
			isa = PBXGroup;
			children = (
			);
			path = Model;
			sourceTree = "<group>";
		};
		3A1D15532642C9CC00FCC105 /* Controller */ = {
			isa = PBXGroup;
			children = (
				3A1D153F2642B98500FCC105 /* ViewController.swift */,
			);
			path = Controller;
			sourceTree = "<group>";
		};
		3A1D15542642C9D000FCC105 /* View */ = {
			isa = PBXGroup;
			children = (
				3A1D15412642B98500FCC105 /* Main.storyboard */,
			);
			path = View;
			sourceTree = "<group>";
		};
		3A1D15552642C9D600FCC105 /* Supporting Files */ = {
			isa = PBXGroup;
			children = (
				3A1D153D2642B98500FCC105 /* art.scnassets */,
				3A1D15442642B98700FCC105 /* Assets.xcassets */,
				3A1D15492642B98700FCC105 /* Info.plist */,
				3A1D15462642B98700FCC105 /* LaunchScreen.storyboard */,
				3A1D153B2642B98500FCC105 /* AppDelegate.swift */,
			);
			path = "Supporting Files";
			sourceTree = "<group>";
		};
		3A1D15562642C9DE00FCC105 /* Helpers */ = {
			isa = PBXGroup;
			children = (
				3A1D15572642C9E800FCC105 /* Extensions */,
			);
			path = Helpers;
			sourceTree = "<group>";
		};
		3A1D15572642C9E800FCC105 /* Extensions */ = {
			isa = PBXGroup;
			children = (
				3A1D155A2642CD7A00FCC105 /* Constants.swift */,
			);
			path = Extensions;
			sourceTree = "<group>";
		};
/* End PBXGroup section */

/* Begin PBXNativeTarget section */
		3A1D15372642B98500FCC105 /* MagicPaper */ = {
			isa = PBXNativeTarget;
			buildConfigurationList = 3A1D154C2642B98700FCC105 /* Build configuration list for PBXNativeTarget "MagicPaper" */;
			buildPhases = (
				3A1D15342642B98500FCC105 /* Sources */,
				3A1D15352642B98500FCC105 /* Frameworks */,
				3A1D15362642B98500FCC105 /* Resources */,
				3A1D154F2642B99500FCC105 /* ShellScript */,
			);
			buildRules = (
			);
			dependencies = (
			);
			name = MagicPaper;
			productName = MagicPaper;
			productReference = 3A1D15382642B98500FCC105 /* MagicPaper.app */;
			productType = "com.apple.product-type.application";
		};
/* End PBXNativeTarget section */

/* Begin PBXProject section */
		3A1D15302642B98500FCC105 /* Project object */ = {
			isa = PBXProject;
			attributes = {
				LastSwiftUpdateCheck = 1250;
				LastUpgradeCheck = 1250;
				TargetAttributes = {
					3A1D15372642B98500FCC105 = {
						CreatedOnToolsVersion = 12.5;
					};
				};
			};
			buildConfigurationList = 3A1D15332642B98500FCC105 /* Build configuration list for PBXProject "MagicPaper" */;
			compatibilityVersion = "Xcode 9.3";
			developmentRegion = en;
			hasScannedForEncodings = 0;
			knownRegions = (
				en,
				Base,
			);
			mainGroup = 3A1D152F2642B98500FCC105;
			productRefGroup = 3A1D15392642B98500FCC105 /* Products */;
			projectDirPath = "";
			projectRoot = "";
			targets = (
				3A1D15372642B98500FCC105 /* MagicPaper */,
			);
		};
/* End PBXProject section */

/* Begin PBXResourcesBuildPhase section */
		3A1D15362642B98500FCC105 /* Resources */ = {
			isa = PBXResourcesBuildPhase;
			buildActionMask = 2147483647;
			files = (
				3A1D153E2642B98500FCC105 /* art.scnassets in Resources */,
				3A1D15482642B98700FCC105 /* LaunchScreen.storyboard in Resources */,
				3A1D15592642CD0600FCC105 /* harrypotter.mp4 in Resources */,
				3A1D15512642B9E800FCC105 /* README.md in Resources */,
				3A1D15452642B98700FCC105 /* Assets.xcassets in Resources */,
				3A1D15432642B98500FCC105 /* Main.storyboard in Resources */,
			);
			runOnlyForDeploymentPostprocessing = 0;
		};
/* End PBXResourcesBuildPhase section */

/* Begin PBXShellScriptBuildPhase section */
		3A1D154F2642B99500FCC105 /* ShellScript */ = {
			isa = PBXShellScriptBuildPhase;
			buildActionMask = 2147483647;
			files = (
			);
			inputFileListPaths = (
			);
			inputPaths = (
			);
			outputFileListPaths = (
			);
			outputPaths = (
			);
			runOnlyForDeploymentPostprocessing = 0;
			shellPath = /bin/sh;
			shellScript = "if which swiftlint >/dev/null; then\n    swiftlint\nelse\n    echo \"warning: SwiftLint not installed, download from https://github.com/realm/SwiftLint\"\nfi\n";
		};
/* End PBXShellScriptBuildPhase section */

/* Begin PBXSourcesBuildPhase section */
		3A1D15342642B98500FCC105 /* Sources */ = {
			isa = PBXSourcesBuildPhase;
			buildActionMask = 2147483647;
			files = (
				3A1D15402642B98500FCC105 /* ViewController.swift in Sources */,
				3A1D153C2642B98500FCC105 /* AppDelegate.swift in Sources */,
				3A1D155B2642CD7A00FCC105 /* Constants.swift in Sources */,
			);
			runOnlyForDeploymentPostprocessing = 0;
		};
/* End PBXSourcesBuildPhase section */

/* Begin PBXVariantGroup section */
		3A1D15412642B98500FCC105 /* Main.storyboard */ = {
			isa = PBXVariantGroup;
			children = (
				3A1D15422642B98500FCC105 /* Base */,
			);
			name = Main.storyboard;
			sourceTree = "<group>";
		};
		3A1D15462642B98700FCC105 /* LaunchScreen.storyboard */ = {
			isa = PBXVariantGroup;
			children = (
				3A1D15472642B98700FCC105 /* Base */,
			);
			name = LaunchScreen.storyboard;
			sourceTree = "<group>";
		};
/* End PBXVariantGroup section */

/* Begin XCBuildConfiguration section */
		3A1D154A2642B98700FCC105 /* Debug */ = {
			isa = XCBuildConfiguration;
			buildSettings = {
				ALWAYS_SEARCH_USER_PATHS = NO;
				CLANG_ANALYZER_NONNULL = YES;
				CLANG_ANALYZER_NUMBER_OBJECT_CONVERSION = YES_AGGRESSIVE;
				CLANG_CXX_LANGUAGE_STANDARD = "gnu++14";
				CLANG_CXX_LIBRARY = "libc++";
				CLANG_ENABLE_MODULES = YES;
				CLANG_ENABLE_OBJC_ARC = YES;
				CLANG_ENABLE_OBJC_WEAK = YES;
				CLANG_WARN_BLOCK_CAPTURE_AUTORELEASING = YES;
				CLANG_WARN_BOOL_CONVERSION = YES;
				CLANG_WARN_COMMA = YES;
				CLANG_WARN_CONSTANT_CONVERSION = YES;
				CLANG_WARN_DEPRECATED_OBJC_IMPLEMENTATIONS = YES;
				CLANG_WARN_DIRECT_OBJC_ISA_USAGE = YES_ERROR;
				CLANG_WARN_DOCUMENTATION_COMMENTS = YES;
				CLANG_WARN_EMPTY_BODY = YES;
				CLANG_WARN_ENUM_CONVERSION = YES;
				CLANG_WARN_INFINITE_RECURSION = YES;
				CLANG_WARN_INT_CONVERSION = YES;
				CLANG_WARN_NON_LITERAL_NULL_CONVERSION = YES;
				CLANG_WARN_OBJC_IMPLICIT_RETAIN_SELF = YES;
				CLANG_WARN_OBJC_LITERAL_CONVERSION = YES;
				CLANG_WARN_OBJC_ROOT_CLASS = YES_ERROR;
				CLANG_WARN_QUOTED_INCLUDE_IN_FRAMEWORK_HEADER = YES;
				CLANG_WARN_RANGE_LOOP_ANALYSIS = YES;
				CLANG_WARN_STRICT_PROTOTYPES = YES;
				CLANG_WARN_SUSPICIOUS_MOVE = YES;
				CLANG_WARN_UNGUARDED_AVAILABILITY = YES_AGGRESSIVE;
				CLANG_WARN_UNREACHABLE_CODE = YES;
				CLANG_WARN__DUPLICATE_METHOD_MATCH = YES;
				COPY_PHASE_STRIP = NO;
				DEBUG_INFORMATION_FORMAT = dwarf;
				ENABLE_STRICT_OBJC_MSGSEND = YES;
				ENABLE_TESTABILITY = YES;
				GCC_C_LANGUAGE_STANDARD = gnu11;
				GCC_DYNAMIC_NO_PIC = NO;
				GCC_NO_COMMON_BLOCKS = YES;
				GCC_OPTIMIZATION_LEVEL = 0;
				GCC_PREPROCESSOR_DEFINITIONS = (
					"DEBUG=1",
					"$(inherited)",
				);
				GCC_WARN_64_TO_32_BIT_CONVERSION = YES;
				GCC_WARN_ABOUT_RETURN_TYPE = YES_ERROR;
				GCC_WARN_UNDECLARED_SELECTOR = YES;
				GCC_WARN_UNINITIALIZED_AUTOS = YES_AGGRESSIVE;
				GCC_WARN_UNUSED_FUNCTION = YES;
				GCC_WARN_UNUSED_VARIABLE = YES;
				IPHONEOS_DEPLOYMENT_TARGET = 14.5;
				MTL_ENABLE_DEBUG_INFO = INCLUDE_SOURCE;
				MTL_FAST_MATH = YES;
				ONLY_ACTIVE_ARCH = YES;
				SDKROOT = iphoneos;
				SWIFT_ACTIVE_COMPILATION_CONDITIONS = DEBUG;
				SWIFT_OPTIMIZATION_LEVEL = "-Onone";
			};
			name = Debug;
		};
		3A1D154B2642B98700FCC105 /* Release */ = {
			isa = XCBuildConfiguration;
			buildSettings = {
				ALWAYS_SEARCH_USER_PATHS = NO;
				CLANG_ANALYZER_NONNULL = YES;
				CLANG_ANALYZER_NUMBER_OBJECT_CONVERSION = YES_AGGRESSIVE;
				CLANG_CXX_LANGUAGE_STANDARD = "gnu++14";
				CLANG_CXX_LIBRARY = "libc++";
				CLANG_ENABLE_MODULES = YES;
				CLANG_ENABLE_OBJC_ARC = YES;
				CLANG_ENABLE_OBJC_WEAK = YES;
				CLANG_WARN_BLOCK_CAPTURE_AUTORELEASING = YES;
				CLANG_WARN_BOOL_CONVERSION = YES;
				CLANG_WARN_COMMA = YES;
				CLANG_WARN_CONSTANT_CONVERSION = YES;
				CLANG_WARN_DEPRECATED_OBJC_IMPLEMENTATIONS = YES;
				CLANG_WARN_DIRECT_OBJC_ISA_USAGE = YES_ERROR;
				CLANG_WARN_DOCUMENTATION_COMMENTS = YES;
				CLANG_WARN_EMPTY_BODY = YES;
				CLANG_WARN_ENUM_CONVERSION = YES;
				CLANG_WARN_INFINITE_RECURSION = YES;
				CLANG_WARN_INT_CONVERSION = YES;
				CLANG_WARN_NON_LITERAL_NULL_CONVERSION = YES;
				CLANG_WARN_OBJC_IMPLICIT_RETAIN_SELF = YES;
				CLANG_WARN_OBJC_LITERAL_CONVERSION = YES;
				CLANG_WARN_OBJC_ROOT_CLASS = YES_ERROR;
				CLANG_WARN_QUOTED_INCLUDE_IN_FRAMEWORK_HEADER = YES;
				CLANG_WARN_RANGE_LOOP_ANALYSIS = YES;
				CLANG_WARN_STRICT_PROTOTYPES = YES;
				CLANG_WARN_SUSPICIOUS_MOVE = YES;
				CLANG_WARN_UNGUARDED_AVAILABILITY = YES_AGGRESSIVE;
				CLANG_WARN_UNREACHABLE_CODE = YES;
				CLANG_WARN__DUPLICATE_METHOD_MATCH = YES;
				COPY_PHASE_STRIP = NO;
				DEBUG_INFORMATION_FORMAT = "dwarf-with-dsym";
				ENABLE_NS_ASSERTIONS = NO;
				ENABLE_STRICT_OBJC_MSGSEND = YES;
				GCC_C_LANGUAGE_STANDARD = gnu11;
				GCC_NO_COMMON_BLOCKS = YES;
				GCC_WARN_64_TO_32_BIT_CONVERSION = YES;
				GCC_WARN_ABOUT_RETURN_TYPE = YES_ERROR;
				GCC_WARN_UNDECLARED_SELECTOR = YES;
				GCC_WARN_UNINITIALIZED_AUTOS = YES_AGGRESSIVE;
				GCC_WARN_UNUSED_FUNCTION = YES;
				GCC_WARN_UNUSED_VARIABLE = YES;
				IPHONEOS_DEPLOYMENT_TARGET = 14.5;
				MTL_ENABLE_DEBUG_INFO = NO;
				MTL_FAST_MATH = YES;
				SDKROOT = iphoneos;
				SWIFT_COMPILATION_MODE = wholemodule;
				SWIFT_OPTIMIZATION_LEVEL = "-O";
				VALIDATE_PRODUCT = YES;
			};
			name = Release;
		};
		3A1D154D2642B98700FCC105 /* Debug */ = {
			isa = XCBuildConfiguration;
			buildSettings = {
				ASSETCATALOG_COMPILER_APPICON_NAME = AppIcon;
				ASSETCATALOG_COMPILER_GLOBAL_ACCENT_COLOR_NAME = AccentColor;
				CODE_SIGN_STYLE = Automatic;
				DEVELOPMENT_TEAM = AS4ZG3MAQH;
				INFOPLIST_FILE = "MagicPaper/Supporting Files/Info.plist";
				LD_RUNPATH_SEARCH_PATHS = (
					"$(inherited)",
					"@executable_path/Frameworks",
				);
				PRODUCT_BUNDLE_IDENTIFIER = io.angelappdev.MagicPaper;
				PRODUCT_NAME = "$(TARGET_NAME)";
				SWIFT_VERSION = 5.0;
				TARGETED_DEVICE_FAMILY = "1,2";
			};
			name = Debug;
		};
		3A1D154E2642B98700FCC105 /* Release */ = {
			isa = XCBuildConfiguration;
			buildSettings = {
				ASSETCATALOG_COMPILER_APPICON_NAME = AppIcon;
				ASSETCATALOG_COMPILER_GLOBAL_ACCENT_COLOR_NAME = AccentColor;
				CODE_SIGN_STYLE = Automatic;
				DEVELOPMENT_TEAM = AS4ZG3MAQH;
				INFOPLIST_FILE = "MagicPaper/Supporting Files/Info.plist";
				LD_RUNPATH_SEARCH_PATHS = (
					"$(inherited)",
					"@executable_path/Frameworks",
				);
				PRODUCT_BUNDLE_IDENTIFIER = io.angelappdev.MagicPaper;
				PRODUCT_NAME = "$(TARGET_NAME)";
				SWIFT_VERSION = 5.0;
				TARGETED_DEVICE_FAMILY = "1,2";
			};
			name = Release;
		};
/* End XCBuildConfiguration section */

/* Begin XCConfigurationList section */
		3A1D15332642B98500FCC105 /* Build configuration list for PBXProject "MagicPaper" */ = {
			isa = XCConfigurationList;
			buildConfigurations = (
				3A1D154A2642B98700FCC105 /* Debug */,
				3A1D154B2642B98700FCC105 /* Release */,
			);
			defaultConfigurationIsVisible = 0;
			defaultConfigurationName = Release;
		};
		3A1D154C2642B98700FCC105 /* Build configuration list for PBXNativeTarget "MagicPaper" */ = {
			isa = XCConfigurationList;
			buildConfigurations = (
				3A1D154D2642B98700FCC105 /* Debug */,
				3A1D154E2642B98700FCC105 /* Release */,
			);
			defaultConfigurationIsVisible = 0;
			defaultConfigurationName = Release;
		};
/* End XCConfigurationList section */
	};
	rootObject = 3A1D15302642B98500FCC105 /* Project object */;
}
